
Microsoft Visual Studio Solution File, Format Version 12.00
# Visual Studio Version 16
VisualStudioVersion = 16.0.34301.259
MinimumVisualStudioVersion = 10.0.40219.1
Project("{FAE04EC0-301F-11D3-BF4B-00C04F79EFBC}") = "TempteApiApp", "TempteApiApp\TempteApiApp.csproj", "{DE33709D-81B0-4310-AB1D-780AC2E52E08}"
EndProject
Global
	GlobalSection(SolutionConfigurationPlatforms) = preSolution
		Debug|Any CPU = Debug|Any CPU
		Release|Any CPU = Release|Any CPU
	EndGlobalSection
	GlobalSection(ProjectConfigurationPlatforms) = postSolution
		{DE33709D-81B0-4310-AB1D-780AC2E52E08}.Debug|Any CPU.ActiveCfg = Debug|Any CPU
		{DE33709D-81B0-4310-AB1D-780AC2E52E08}.Debug|Any CPU.Build.0 = Debug|Any CPU
		{DE33709D-81B0-4310-AB1D-780AC2E52E08}.Release|Any CPU.ActiveCfg = Release|Any CPU
		{DE33709D-81B0-4310-AB1D-780AC2E52E08}.Release|Any CPU.Build.0 = Release|Any CPU
	EndGlobalSection
	GlobalSection(SolutionProperties) = preSolution
		HideSolutionNode = FALSE
	EndGlobalSection
	GlobalSection(ExtensibilityGlobals) = postSolution
		SolutionGuid = {2F258A6B-FEE2-4FB9-A1DF-24840E55FF18}
	EndGlobalSection
EndGlobal
